
Microsoft Visual Studio Solution File, Format Version 12.00
# Visual Studio 15
VisualStudioVersion = 15.0.28307.438
MinimumVisualStudioVersion = 10.0.40219.1
Project("{FAE04EC0-301F-11D3-BF4B-00C04F79EFBC}") = "EmployeeData", "EmployeeData\EmployeeData.csproj", "{F20257B4-11FC-4803-A2BF-91315B825F41}"
EndProject
Global
	GlobalSection(SolutionConfigurationPlatforms) = preSolution
		Debug|Any CPU = Debug|Any CPU
		Release|Any CPU = Release|Any CPU
	EndGlobalSection
	GlobalSection(ProjectConfigurationPlatforms) = postSolution
		{F20257B4-11FC-4803-A2BF-91315B825F41}.Debug|Any CPU.ActiveCfg = Debug|Any CPU
		{F20257B4-11FC-4803-A2BF-91315B825F41}.Debug|Any CPU.Build.0 = Debug|Any CPU
		{F20257B4-11FC-4803-A2BF-91315B825F41}.Release|Any CPU.ActiveCfg = Release|Any CPU
		{F20257B4-11FC-4803-A2BF-91315B825F41}.Release|Any CPU.Build.0 = Release|Any CPU
	EndGlobalSection
	GlobalSection(SolutionProperties) = preSolution
		HideSolutionNode = FALSE
	EndGlobalSection
	GlobalSection(ExtensibilityGlobals) = postSolution
		SolutionGuid = {721C166A-6DD7-4354-95C7-601677EA1FA7}
	EndGlobalSection
EndGlobal
